{
  "name": "brownie",
  "lockfileVersion": 2,
  "requires": true,
  "packages": {
    "": {
      "dependencies": {
        "@openzeppelin/contracts": "^4.3.3",
        "openzeppelin-solidity": "github:OpenZeppelin/openzeppelin-contracts"
      }
    },
    "node_modules/@openzeppelin/contracts": {
      "version": "4.3.3",
      "resolved": "https://registry.npmjs.org/@openzeppelin/contracts/-/contracts-4.3.3.tgz",
      "integrity": "sha512-tDBopO1c98Yk7Cv/PZlHqrvtVjlgK5R4J6jxLwoO7qxK4xqOiZG+zSkIvGFpPZ0ikc3QOED3plgdqjgNTnBc7g=="
    },
    "node_modules/openzeppelin-solidity": {
      "version": "4.3.2",
      "resolved": "git+ssh://git@github.com/OpenZeppelin/openzeppelin-contracts.git#a94cf0509f19292c3edd3e102c025c793c241d05",
      "license": "MIT",
      "bin": {
        "openzeppelin-contracts-migrate-imports": "scripts/migrate-imports.js"
      }
    }
  },
  "dependencies": {
    "@openzeppelin/contracts": {
      "version": "4.3.3",
      "resolved": "https://registry.npmjs.org/@openzeppelin/contracts/-/contracts-4.3.3.tgz",
      "integrity": "sha512-tDBopO1c98Yk7Cv/PZlHqrvtVjlgK5R4J6jxLwoO7qxK4xqOiZG+zSkIvGFpPZ0ikc3QOED3plgdqjgNTnBc7g=="
    },
    "openzeppelin-solidity": {
      "version": "git+ssh://git@github.com/OpenZeppelin/openzeppelin-contracts.git#a94cf0509f19292c3edd3e102c025c793c241d05",
      "from": "openzeppelin-solidity@github:OpenZeppelin/openzeppelin-contracts"
    }
  }
}
